// !$*UTF8*$!
{
	archiveVersion = 1;
	classes = {
	};
	objectVersion = 50;
	objects = {

/* Begin PBXBuildFile section */
		46388CA1209FFC1A009201DA /* ViewControllerSnapshotTests.swift in Sources */ = {isa = PBXBuildFile; fileRef = 46388CA0209FFC1A009201DA /* ViewControllerSnapshotTests.swift */; };
		5A255A757814C249FEEAC7C0 /* Pods_SnapshotTesting.framework in Frameworks */ = {isa = PBXBuildFile; fileRef = 66C5DDF642777AB9E418FE2A /* Pods_SnapshotTesting.framework */; };
		7728AAF4BED63697C561C64F /* Pods_Snapshot_TestingTests.framework in Frameworks */ = {isa = PBXBuildFile; fileRef = 60A0B7B15CA8E24069160BA7 /* Pods_Snapshot_TestingTests.framework */; };
		7855B3F6A804D58F9BF83A53 /* Pods_SnapshotTestingTests.framework in Frameworks */ = {isa = PBXBuildFile; fileRef = E11778E8613BC230BC7D2516 /* Pods_SnapshotTestingTests.framework */; };
		8A75997A8806E27E6BF95933 /* Pods_SnapshotTests.framework in Frameworks */ = {isa = PBXBuildFile; fileRef = C5DFD085E7442A1B01270519 /* Pods_SnapshotTests.framework */; };
		F50B92532096B5F3007E2B56 /* AppDelegate.swift in Sources */ = {isa = PBXBuildFile; fileRef = F50B92522096B5F3007E2B56 /* AppDelegate.swift */; };
		F50B92552096B5F3007E2B56 /* ViewController.swift in Sources */ = {isa = PBXBuildFile; fileRef = F50B92542096B5F3007E2B56 /* ViewController.swift */; };
		F50B92582096B5F3007E2B56 /* Main.storyboard in Resources */ = {isa = PBXBuildFile; fileRef = F50B92562096B5F3007E2B56 /* Main.storyboard */; };
		F50B925A2096B5F5007E2B56 /* Assets.xcassets in Resources */ = {isa = PBXBuildFile; fileRef = F50B92592096B5F5007E2B56 /* Assets.xcassets */; };
		F50B925D2096B5F5007E2B56 /* LaunchScreen.storyboard in Resources */ = {isa = PBXBuildFile; fileRef = F50B925B2096B5F5007E2B56 /* LaunchScreen.storyboard */; };
		F50B92682096B5F5007E2B56 /* BeachParsingTests.swift in Sources */ = {isa = PBXBuildFile; fileRef = F50B92672096B5F5007E2B56 /* BeachParsingTests.swift */; };
		F50B92732096B676007E2B56 /* BeachView.swift in Sources */ = {isa = PBXBuildFile; fileRef = F50B92722096B676007E2B56 /* BeachView.swift */; };
		F50B92752096B7C9007E2B56 /* Beach.swift in Sources */ = {isa = PBXBuildFile; fileRef = F50B92742096B7C9007E2B56 /* Beach.swift */; };
		F50B92882096C010007E2B56 /* beach.jpg in Resources */ = {isa = PBXBuildFile; fileRef = F50B92872096C010007E2B56 /* beach.jpg */; };
		F50B928D2096C1B3007E2B56 /* AJSnapshotTestCase.swift in Sources */ = {isa = PBXBuildFile; fileRef = F50B92892096C06F007E2B56 /* AJSnapshotTestCase.swift */; };
		F50B928E2096C1CF007E2B56 /* BeachViewSnapshotTests.swift in Sources */ = {isa = PBXBuildFile; fileRef = F50B928B2096C0CF007E2B56 /* BeachViewSnapshotTests.swift */; };
		F50B92902096C367007E2B56 /* Beach+SnapshotTestData.swift in Sources */ = {isa = PBXBuildFile; fileRef = F50B928F2096C367007E2B56 /* Beach+SnapshotTestData.swift */; };
		F50B92932096C798007E2B56 /* hawaiian-beach.jpeg in Resources */ = {isa = PBXBuildFile; fileRef = F50B92922096C797007E2B56 /* hawaiian-beach.jpeg */; };
		F50B9297209AA2D9007E2B56 /* Device.swift in Sources */ = {isa = PBXBuildFile; fileRef = F50B9296209AA2D9007E2B56 /* Device.swift */; };
/* End PBXBuildFile section */

/* Begin PBXContainerItemProxy section */
		F50B92642096B5F5007E2B56 /* PBXContainerItemProxy */ = {
			isa = PBXContainerItemProxy;
			containerPortal = F50B92472096B5F3007E2B56 /* Project object */;
			proxyType = 1;
			remoteGlobalIDString = F50B924E2096B5F3007E2B56;
			remoteInfo = "Snapshot Testing";
		};
		F50B92812096BC3E007E2B56 /* PBXContainerItemProxy */ = {
			isa = PBXContainerItemProxy;
			containerPortal = F50B92472096B5F3007E2B56 /* Project object */;
			proxyType = 1;
			remoteGlobalIDString = F50B924E2096B5F3007E2B56;
			remoteInfo = "Snapshot Testing";
		};
/* End PBXContainerItemProxy section */

/* Begin PBXFileReference section */
		06C5BAEA91FDDFFF777CFE3B /* Pods-Snapshot Testing.release.xcconfig */ = {isa = PBXFileReference; includeInIndex = 1; lastKnownFileType = text.xcconfig; name = "Pods-Snapshot Testing.release.xcconfig"; path = "Pods/Target Support Files/Pods-Snapshot Testing/Pods-Snapshot Testing.release.xcconfig"; sourceTree = "<group>"; };
		09216755DFAC89845E11F387 /* Pods-Snapshot Testing.debug.xcconfig */ = {isa = PBXFileReference; includeInIndex = 1; lastKnownFileType = text.xcconfig; name = "Pods-Snapshot Testing.debug.xcconfig"; path = "Pods/Target Support Files/Pods-Snapshot Testing/Pods-Snapshot Testing.debug.xcconfig"; sourceTree = "<group>"; };
		147B0FCD67A4C467D5EE9DED /* Pods-Snapshot TestingTests.debug.xcconfig */ = {isa = PBXFileReference; includeInIndex = 1; lastKnownFileType = text.xcconfig; name = "Pods-Snapshot TestingTests.debug.xcconfig"; path = "Pods/Target Support Files/Pods-Snapshot TestingTests/Pods-Snapshot TestingTests.debug.xcconfig"; sourceTree = "<group>"; };
		394968E4DA990F0324DA0E75 /* Pods-SnapshotTestingTests.debug.xcconfig */ = {isa = PBXFileReference; includeInIndex = 1; lastKnownFileType = text.xcconfig; name = "Pods-SnapshotTestingTests.debug.xcconfig"; path = "Pods/Target Support Files/Pods-SnapshotTestingTests/Pods-SnapshotTestingTests.debug.xcconfig"; sourceTree = "<group>"; };
		44AFD7B1B9F5E13B6B2FD885 /* Pods-SnapshotTests.debug.xcconfig */ = {isa = PBXFileReference; includeInIndex = 1; lastKnownFileType = text.xcconfig; name = "Pods-SnapshotTests.debug.xcconfig"; path = "Pods/Target Support Files/Pods-SnapshotTests/Pods-SnapshotTests.debug.xcconfig"; sourceTree = "<group>"; };
		46388CA0209FFC1A009201DA /* ViewControllerSnapshotTests.swift */ = {isa = PBXFileReference; lastKnownFileType = sourcecode.swift; path = ViewControllerSnapshotTests.swift; sourceTree = "<group>"; };
		60A0B7B15CA8E24069160BA7 /* Pods_Snapshot_TestingTests.framework */ = {isa = PBXFileReference; explicitFileType = wrapper.framework; includeInIndex = 0; path = Pods_Snapshot_TestingTests.framework; sourceTree = BUILT_PRODUCTS_DIR; };
		66C5DDF642777AB9E418FE2A /* Pods_SnapshotTesting.framework */ = {isa = PBXFileReference; explicitFileType = wrapper.framework; includeInIndex = 0; path = Pods_SnapshotTesting.framework; sourceTree = BUILT_PRODUCTS_DIR; };
		874E677071ADF5A14ACABAEC /* Pods-SnapshotTests.release.xcconfig */ = {isa = PBXFileReference; includeInIndex = 1; lastKnownFileType = text.xcconfig; name = "Pods-SnapshotTests.release.xcconfig"; path = "Pods/Target Support Files/Pods-SnapshotTests/Pods-SnapshotTests.release.xcconfig"; sourceTree = "<group>"; };
		8A41F87C02202F4708683B94 /* Pods-SnapshotTesting.release.xcconfig */ = {isa = PBXFileReference; includeInIndex = 1; lastKnownFileType = text.xcconfig; name = "Pods-SnapshotTesting.release.xcconfig"; path = "Pods/Target Support Files/Pods-SnapshotTesting/Pods-SnapshotTesting.release.xcconfig"; sourceTree = "<group>"; };
		A517A6B6EA067D7521300B31 /* Pods_Snapshot_Testing.framework */ = {isa = PBXFileReference; explicitFileType = wrapper.framework; includeInIndex = 0; path = Pods_Snapshot_Testing.framework; sourceTree = BUILT_PRODUCTS_DIR; };
		B2CF51BB941983F641D7C598 /* Pods-SnapshotTestingTests.release.xcconfig */ = {isa = PBXFileReference; includeInIndex = 1; lastKnownFileType = text.xcconfig; name = "Pods-SnapshotTestingTests.release.xcconfig"; path = "Pods/Target Support Files/Pods-SnapshotTestingTests/Pods-SnapshotTestingTests.release.xcconfig"; sourceTree = "<group>"; };
		C5DFD085E7442A1B01270519 /* Pods_SnapshotTests.framework */ = {isa = PBXFileReference; explicitFileType = wrapper.framework; includeInIndex = 0; path = Pods_SnapshotTests.framework; sourceTree = BUILT_PRODUCTS_DIR; };
		E11778E8613BC230BC7D2516 /* Pods_SnapshotTestingTests.framework */ = {isa = PBXFileReference; explicitFileType = wrapper.framework; includeInIndex = 0; path = Pods_SnapshotTestingTests.framework; sourceTree = BUILT_PRODUCTS_DIR; };
		F50B924F2096B5F3007E2B56 /* SnapshotTesting.app */ = {isa = PBXFileReference; explicitFileType = wrapper.application; includeInIndex = 0; path = SnapshotTesting.app; sourceTree = BUILT_PRODUCTS_DIR; };
		F50B92522096B5F3007E2B56 /* AppDelegate.swift */ = {isa = PBXFileReference; lastKnownFileType = sourcecode.swift; path = AppDelegate.swift; sourceTree = "<group>"; };
		F50B92542096B5F3007E2B56 /* ViewController.swift */ = {isa = PBXFileReference; lastKnownFileType = sourcecode.swift; path = ViewController.swift; sourceTree = "<group>"; };
		F50B92572096B5F3007E2B56 /* Base */ = {isa = PBXFileReference; lastKnownFileType = file.storyboard; name = Base; path = Base.lproj/Main.storyboard; sourceTree = "<group>"; };
		F50B92592096B5F5007E2B56 /* Assets.xcassets */ = {isa = PBXFileReference; lastKnownFileType = folder.assetcatalog; path = Assets.xcassets; sourceTree = "<group>"; };
		F50B925C2096B5F5007E2B56 /* Base */ = {isa = PBXFileReference; lastKnownFileType = file.storyboard; name = Base; path = Base.lproj/LaunchScreen.storyboard; sourceTree = "<group>"; };
		F50B925E2096B5F5007E2B56 /* Info.plist */ = {isa = PBXFileReference; lastKnownFileType = text.plist.xml; path = Info.plist; sourceTree = "<group>"; };
		F50B92632096B5F5007E2B56 /* SnapshotTestingTests.xctest */ = {isa = PBXFileReference; explicitFileType = wrapper.cfbundle; includeInIndex = 0; path = SnapshotTestingTests.xctest; sourceTree = BUILT_PRODUCTS_DIR; };
		F50B92672096B5F5007E2B56 /* BeachParsingTests.swift */ = {isa = PBXFileReference; lastKnownFileType = sourcecode.swift; path = BeachParsingTests.swift; sourceTree = "<group>"; };
		F50B92692096B5F5007E2B56 /* Info.plist */ = {isa = PBXFileReference; lastKnownFileType = text.plist.xml; path = Info.plist; sourceTree = "<group>"; };
		F50B92722096B676007E2B56 /* BeachView.swift */ = {isa = PBXFileReference; lastKnownFileType = sourcecode.swift; path = BeachView.swift; sourceTree = "<group>"; };
		F50B92742096B7C9007E2B56 /* Beach.swift */ = {isa = PBXFileReference; lastKnownFileType = sourcecode.swift; path = Beach.swift; sourceTree = "<group>"; };
		F50B927C2096BC3E007E2B56 /* SnapshotTests.xctest */ = {isa = PBXFileReference; explicitFileType = wrapper.cfbundle; includeInIndex = 0; path = SnapshotTests.xctest; sourceTree = BUILT_PRODUCTS_DIR; };
		F50B92802096BC3E007E2B56 /* Info.plist */ = {isa = PBXFileReference; lastKnownFileType = text.plist.xml; path = Info.plist; sourceTree = "<group>"; };
		F50B92872096C010007E2B56 /* beach.jpg */ = {isa = PBXFileReference; lastKnownFileType = image.jpeg; path = beach.jpg; sourceTree = "<group>"; };
		F50B92892096C06F007E2B56 /* AJSnapshotTestCase.swift */ = {isa = PBXFileReference; lastKnownFileType = sourcecode.swift; path = AJSnapshotTestCase.swift; sourceTree = "<group>"; };
		F50B928B2096C0CF007E2B56 /* BeachViewSnapshotTests.swift */ = {isa = PBXFileReference; lastKnownFileType = sourcecode.swift; path = BeachViewSnapshotTests.swift; sourceTree = "<group>"; };
		F50B928F2096C367007E2B56 /* Beach+SnapshotTestData.swift */ = {isa = PBXFileReference; lastKnownFileType = sourcecode.swift; path = "Beach+SnapshotTestData.swift"; sourceTree = "<group>"; };
		F50B92922096C797007E2B56 /* hawaiian-beach.jpeg */ = {isa = PBXFileReference; lastKnownFileType = image.jpeg; path = "hawaiian-beach.jpeg"; sourceTree = "<group>"; };
		F50B9296209AA2D9007E2B56 /* Device.swift */ = {isa = PBXFileReference; lastKnownFileType = sourcecode.swift; path = Device.swift; sourceTree = "<group>"; };
		F8AE583B87F754EBFDE9A4BD /* Pods-Snapshot TestingTests.release.xcconfig */ = {isa = PBXFileReference; includeInIndex = 1; lastKnownFileType = text.xcconfig; name = "Pods-Snapshot TestingTests.release.xcconfig"; path = "Pods/Target Support Files/Pods-Snapshot TestingTests/Pods-Snapshot TestingTests.release.xcconfig"; sourceTree = "<group>"; };
		FC2D5D942623370C7EC9C421 /* Pods-SnapshotTesting.debug.xcconfig */ = {isa = PBXFileReference; includeInIndex = 1; lastKnownFileType = text.xcconfig; name = "Pods-SnapshotTesting.debug.xcconfig"; path = "Pods/Target Support Files/Pods-SnapshotTesting/Pods-SnapshotTesting.debug.xcconfig"; sourceTree = "<group>"; };
/* End PBXFileReference section */

/* Begin PBXFrameworksBuildPhase section */
		F50B924C2096B5F3007E2B56 /* Frameworks */ = {
			isa = PBXFrameworksBuildPhase;
			buildActionMask = 2147483647;
			files = (
				5A255A757814C249FEEAC7C0 /* Pods_SnapshotTesting.framework in Frameworks */,
			);
			runOnlyForDeploymentPostprocessing = 0;
		};
		F50B92602096B5F5007E2B56 /* Frameworks */ = {
			isa = PBXFrameworksBuildPhase;
			buildActionMask = 2147483647;
			files = (
				7728AAF4BED63697C561C64F /* Pods_Snapshot_TestingTests.framework in Frameworks */,
				7855B3F6A804D58F9BF83A53 /* Pods_SnapshotTestingTests.framework in Frameworks */,
			);
			runOnlyForDeploymentPostprocessing = 0;
		};
		F50B92792096BC3E007E2B56 /* Frameworks */ = {
			isa = PBXFrameworksBuildPhase;
			buildActionMask = 2147483647;
			files = (
				8A75997A8806E27E6BF95933 /* Pods_SnapshotTests.framework in Frameworks */,
			);
			runOnlyForDeploymentPostprocessing = 0;
		};
/* End PBXFrameworksBuildPhase section */

/* Begin PBXGroup section */
		26F65437882FF0C0C8771A16 /* Pods */ = {
			isa = PBXGroup;
			children = (
				09216755DFAC89845E11F387 /* Pods-Snapshot Testing.debug.xcconfig */,
				06C5BAEA91FDDFFF777CFE3B /* Pods-Snapshot Testing.release.xcconfig */,
				147B0FCD67A4C467D5EE9DED /* Pods-Snapshot TestingTests.debug.xcconfig */,
				F8AE583B87F754EBFDE9A4BD /* Pods-Snapshot TestingTests.release.xcconfig */,
				44AFD7B1B9F5E13B6B2FD885 /* Pods-SnapshotTests.debug.xcconfig */,
				874E677071ADF5A14ACABAEC /* Pods-SnapshotTests.release.xcconfig */,
				FC2D5D942623370C7EC9C421 /* Pods-SnapshotTesting.debug.xcconfig */,
				8A41F87C02202F4708683B94 /* Pods-SnapshotTesting.release.xcconfig */,
				394968E4DA990F0324DA0E75 /* Pods-SnapshotTestingTests.debug.xcconfig */,
				B2CF51BB941983F641D7C598 /* Pods-SnapshotTestingTests.release.xcconfig */,
			);
			name = Pods;
			sourceTree = "<group>";
		};
		2C0EF68EDD45A8ABAE9DEB2A /* Frameworks */ = {
			isa = PBXGroup;
			children = (
				A517A6B6EA067D7521300B31 /* Pods_Snapshot_Testing.framework */,
				60A0B7B15CA8E24069160BA7 /* Pods_Snapshot_TestingTests.framework */,
				C5DFD085E7442A1B01270519 /* Pods_SnapshotTests.framework */,
				66C5DDF642777AB9E418FE2A /* Pods_SnapshotTesting.framework */,
				E11778E8613BC230BC7D2516 /* Pods_SnapshotTestingTests.framework */,
			);
			name = Frameworks;
			sourceTree = "<group>";
		};
		F50B92462096B5F3007E2B56 = {
			isa = PBXGroup;
			children = (
				F50B92512096B5F3007E2B56 /* SnapshotTesting */,
				F50B92662096B5F5007E2B56 /* SnapshotTestingTests */,
				F50B927D2096BC3E007E2B56 /* SnapshotTests */,
				F50B92502096B5F3007E2B56 /* Products */,
				26F65437882FF0C0C8771A16 /* Pods */,
				2C0EF68EDD45A8ABAE9DEB2A /* Frameworks */,
			);
			sourceTree = "<group>";
		};
		F50B92502096B5F3007E2B56 /* Products */ = {
			isa = PBXGroup;
			children = (
				F50B924F2096B5F3007E2B56 /* SnapshotTesting.app */,
				F50B92632096B5F5007E2B56 /* SnapshotTestingTests.xctest */,
				F50B927C2096BC3E007E2B56 /* SnapshotTests.xctest */,
			);
			name = Products;
			sourceTree = "<group>";
		};
		F50B92512096B5F3007E2B56 /* SnapshotTesting */ = {
			isa = PBXGroup;
			children = (
				F50B92862096BFEF007E2B56 /* Resources */,
				F50B925E2096B5F5007E2B56 /* Info.plist */,
				F50B92522096B5F3007E2B56 /* AppDelegate.swift */,
				F50B92742096B7C9007E2B56 /* Beach.swift */,
				F50B92722096B676007E2B56 /* BeachView.swift */,
				F50B92542096B5F3007E2B56 /* ViewController.swift */,
				F50B92592096B5F5007E2B56 /* Assets.xcassets */,
				F50B925B2096B5F5007E2B56 /* LaunchScreen.storyboard */,
				F50B92562096B5F3007E2B56 /* Main.storyboard */,
			);
			path = SnapshotTesting;
			sourceTree = "<group>";
		};
		F50B92662096B5F5007E2B56 /* SnapshotTestingTests */ = {
			isa = PBXGroup;
			children = (
				F50B92672096B5F5007E2B56 /* BeachParsingTests.swift */,
				F50B92692096B5F5007E2B56 /* Info.plist */,
			);
			path = SnapshotTestingTests;
			sourceTree = "<group>";
		};
		F50B927D2096BC3E007E2B56 /* SnapshotTests */ = {
			isa = PBXGroup;
			children = (
				F50B92912096C78B007E2B56 /* Resources */,
				F50B92892096C06F007E2B56 /* AJSnapshotTestCase.swift */,
				F50B928B2096C0CF007E2B56 /* BeachViewSnapshotTests.swift */,
				F50B92802096BC3E007E2B56 /* Info.plist */,
				F50B928F2096C367007E2B56 /* Beach+SnapshotTestData.swift */,
				F50B9296209AA2D9007E2B56 /* Device.swift */,
				46388CA0209FFC1A009201DA /* ViewControllerSnapshotTests.swift */,
			);
			path = SnapshotTests;
			sourceTree = "<group>";
		};
		F50B92862096BFEF007E2B56 /* Resources */ = {
			isa = PBXGroup;
			children = (
				F50B92872096C010007E2B56 /* beach.jpg */,
			);
			path = Resources;
			sourceTree = "<group>";
		};
		F50B92912096C78B007E2B56 /* Resources */ = {
			isa = PBXGroup;
			children = (
				F50B92922096C797007E2B56 /* hawaiian-beach.jpeg */,
			);
			path = Resources;
			sourceTree = "<group>";
		};
/* End PBXGroup section */

/* Begin PBXNativeTarget section */
		F50B924E2096B5F3007E2B56 /* SnapshotTesting */ = {
			isa = PBXNativeTarget;
			buildConfigurationList = F50B926C2096B5F5007E2B56 /* Build configuration list for PBXNativeTarget "SnapshotTesting" */;
			buildPhases = (
				6601BBF099E6A1D52DFBDCFE /* [CP] Check Pods Manifest.lock */,
				F50B924B2096B5F3007E2B56 /* Sources */,
				F50B924C2096B5F3007E2B56 /* Frameworks */,
				F50B924D2096B5F3007E2B56 /* Resources */,
				07C1B504E251C3E309B526E4 /* [CP] Embed Pods Frameworks */,
				41FCC04EA5C081828B925ACE /* [CP] Copy Pods Resources */,
			);
			buildRules = (
			);
			dependencies = (
			);
			name = SnapshotTesting;
			productName = "Snapshot Testing";
			productReference = F50B924F2096B5F3007E2B56 /* SnapshotTesting.app */;
			productType = "com.apple.product-type.application";
		};
		F50B92622096B5F5007E2B56 /* SnapshotTestingTests */ = {
			isa = PBXNativeTarget;
			buildConfigurationList = F50B926F2096B5F5007E2B56 /* Build configuration list for PBXNativeTarget "SnapshotTestingTests" */;
			buildPhases = (
				DD5C9EF31BD364DAA7423F2E /* [CP] Check Pods Manifest.lock */,
				F50B925F2096B5F5007E2B56 /* Sources */,
				F50B92602096B5F5007E2B56 /* Frameworks */,
				F50B92612096B5F5007E2B56 /* Resources */,
				BB446CDBA47C243907499D62 /* [CP] Embed Pods Frameworks */,
				DCD83914C55605F95B2A1B79 /* [CP] Copy Pods Resources */,
			);
			buildRules = (
			);
			dependencies = (
				F50B92652096B5F5007E2B56 /* PBXTargetDependency */,
			);
			name = SnapshotTestingTests;
			productName = "Snapshot TestingTests";
			productReference = F50B92632096B5F5007E2B56 /* SnapshotTestingTests.xctest */;
			productType = "com.apple.product-type.bundle.unit-test";
		};
		F50B927B2096BC3E007E2B56 /* SnapshotTests */ = {
			isa = PBXNativeTarget;
			buildConfigurationList = F50B92832096BC3E007E2B56 /* Build configuration list for PBXNativeTarget "SnapshotTests" */;
			buildPhases = (
				8CD6DE2A380895330BB809BB /* [CP] Check Pods Manifest.lock */,
				F50B92782096BC3E007E2B56 /* Sources */,
				F50B92792096BC3E007E2B56 /* Frameworks */,
				F50B927A2096BC3E007E2B56 /* Resources */,
				9951FD00558D734CCB21F93F /* [CP] Embed Pods Frameworks */,
				EA4964E23F40B0B0390DE1C9 /* [CP] Copy Pods Resources */,
			);
			buildRules = (
			);
			dependencies = (
				F50B92822096BC3E007E2B56 /* PBXTargetDependency */,
			);
			name = SnapshotTests;
			productName = SnapshotTests;
			productReference = F50B927C2096BC3E007E2B56 /* SnapshotTests.xctest */;
			productType = "com.apple.product-type.bundle.unit-test";
		};
/* End PBXNativeTarget section */

/* Begin PBXProject section */
		F50B92472096B5F3007E2B56 /* Project object */ = {
			isa = PBXProject;
			attributes = {
				LastSwiftUpdateCheck = 0930;
				LastUpgradeCheck = 0930;
				ORGANIZATIONNAME = "Jain, Aaina";
				TargetAttributes = {
					F50B924E2096B5F3007E2B56 = {
						CreatedOnToolsVersion = 9.3;
					};
					F50B92622096B5F5007E2B56 = {
						CreatedOnToolsVersion = 9.3;
						TestTargetID = F50B924E2096B5F3007E2B56;
					};
					F50B927B2096BC3E007E2B56 = {
						CreatedOnToolsVersion = 9.3;
						TestTargetID = F50B924E2096B5F3007E2B56;
					};
				};
			};
			buildConfigurationList = F50B924A2096B5F3007E2B56 /* Build configuration list for PBXProject "SnapshotTesting" */;
			compatibilityVersion = "Xcode 9.3";
			developmentRegion = en;
			hasScannedForEncodings = 0;
			knownRegions = (
				en,
				Base,
			);
			mainGroup = F50B92462096B5F3007E2B56;
			productRefGroup = F50B92502096B5F3007E2B56 /* Products */;
			projectDirPath = "";
			projectRoot = "";
			targets = (
				F50B924E2096B5F3007E2B56 /* SnapshotTesting */,
				F50B92622096B5F5007E2B56 /* SnapshotTestingTests */,
				F50B927B2096BC3E007E2B56 /* SnapshotTests */,
			);
		};
/* End PBXProject section */

/* Begin PBXResourcesBuildPhase section */
		F50B924D2096B5F3007E2B56 /* Resources */ = {
			isa = PBXResourcesBuildPhase;
			buildActionMask = 2147483647;
			files = (
				F50B925D2096B5F5007E2B56 /* LaunchScreen.storyboard in Resources */,
				F50B925A2096B5F5007E2B56 /* Assets.xcassets in Resources */,
				F50B92582096B5F3007E2B56 /* Main.storyboard in Resources */,
				F50B92882096C010007E2B56 /* beach.jpg in Resources */,
			);
			runOnlyForDeploymentPostprocessing = 0;
		};
		F50B92612096B5F5007E2B56 /* Resources */ = {
			isa = PBXResourcesBuildPhase;
			buildActionMask = 2147483647;
			files = (
			);
			runOnlyForDeploymentPostprocessing = 0;
		};
		F50B927A2096BC3E007E2B56 /* Resources */ = {
			isa = PBXResourcesBuildPhase;
			buildActionMask = 2147483647;
			files = (
				F50B92932096C798007E2B56 /* hawaiian-beach.jpeg in Resources */,
			);
			runOnlyForDeploymentPostprocessing = 0;
		};
/* End PBXResourcesBuildPhase section */

/* Begin PBXShellScriptBuildPhase section */
		07C1B504E251C3E309B526E4 /* [CP] Embed Pods Frameworks */ = {
			isa = PBXShellScriptBuildPhase;
			buildActionMask = 2147483647;
			files = (
			);
			inputPaths = (
			);
			name = "[CP] Embed Pods Frameworks";
			outputPaths = (
			);
			runOnlyForDeploymentPostprocessing = 0;
			shellPath = /bin/sh;
			shellScript = "\"${SRCROOT}/Pods/Target Support Files/Pods-SnapshotTesting/Pods-SnapshotTesting-frameworks.sh\"\n";
			showEnvVarsInLog = 0;
		};
		41FCC04EA5C081828B925ACE /* [CP] Copy Pods Resources */ = {
			isa = PBXShellScriptBuildPhase;
			buildActionMask = 2147483647;
			files = (
			);
			inputPaths = (
			);
			name = "[CP] Copy Pods Resources";
			outputPaths = (
			);
			runOnlyForDeploymentPostprocessing = 0;
			shellPath = /bin/sh;
			shellScript = "\"${SRCROOT}/Pods/Target Support Files/Pods-SnapshotTesting/Pods-SnapshotTesting-resources.sh\"\n";
			showEnvVarsInLog = 0;
		};
		6601BBF099E6A1D52DFBDCFE /* [CP] Check Pods Manifest.lock */ = {
			isa = PBXShellScriptBuildPhase;
			buildActionMask = 2147483647;
			files = (
			);
			inputPaths = (
				"${PODS_PODFILE_DIR_PATH}/Podfile.lock",
				"${PODS_ROOT}/Manifest.lock",
			);
			name = "[CP] Check Pods Manifest.lock";
			outputPaths = (
				"$(DERIVED_FILE_DIR)/Pods-SnapshotTesting-checkManifestLockResult.txt",
			);
			runOnlyForDeploymentPostprocessing = 0;
			shellPath = /bin/sh;
			shellScript = "diff \"${PODS_PODFILE_DIR_PATH}/Podfile.lock\" \"${PODS_ROOT}/Manifest.lock\" > /dev/null\nif [ $? != 0 ] ; then\n    # print error to STDERR\n    echo \"error: The sandbox is not in sync with the Podfile.lock. Run 'pod install' or update your CocoaPods installation.\" >&2\n    exit 1\nfi\n# This output is used by Xcode 'outputs' to avoid re-running this script phase.\necho \"SUCCESS\" > \"${SCRIPT_OUTPUT_FILE_0}\"\n";
			showEnvVarsInLog = 0;
		};
		8CD6DE2A380895330BB809BB /* [CP] Check Pods Manifest.lock */ = {
			isa = PBXShellScriptBuildPhase;
			buildActionMask = 2147483647;
			files = (
			);
			inputPaths = (
				"${PODS_PODFILE_DIR_PATH}/Podfile.lock",
				"${PODS_ROOT}/Manifest.lock",
			);
			name = "[CP] Check Pods Manifest.lock";
			outputPaths = (
				"$(DERIVED_FILE_DIR)/Pods-SnapshotTests-checkManifestLockResult.txt",
			);
			runOnlyForDeploymentPostprocessing = 0;
			shellPath = /bin/sh;
			shellScript = "diff \"${PODS_PODFILE_DIR_PATH}/Podfile.lock\" \"${PODS_ROOT}/Manifest.lock\" > /dev/null\nif [ $? != 0 ] ; then\n    # print error to STDERR\n    echo \"error: The sandbox is not in sync with the Podfile.lock. Run 'pod install' or update your CocoaPods installation.\" >&2\n    exit 1\nfi\n# This output is used by Xcode 'outputs' to avoid re-running this script phase.\necho \"SUCCESS\" > \"${SCRIPT_OUTPUT_FILE_0}\"\n";
			showEnvVarsInLog = 0;
		};
		9951FD00558D734CCB21F93F /* [CP] Embed Pods Frameworks */ = {
			isa = PBXShellScriptBuildPhase;
			buildActionMask = 2147483647;
			files = (
			);
			inputPaths = (
				"${SRCROOT}/Pods/Target Support Files/Pods-SnapshotTests/Pods-SnapshotTests-frameworks.sh",
				"${BUILT_PRODUCTS_DIR}/iOSSnapshotTestCase/FBSnapshotTestCase.framework",
			);
			name = "[CP] Embed Pods Frameworks";
			outputPaths = (
				"${TARGET_BUILD_DIR}/${FRAMEWORKS_FOLDER_PATH}/FBSnapshotTestCase.framework",
			);
			runOnlyForDeploymentPostprocessing = 0;
			shellPath = /bin/sh;
			shellScript = "\"${SRCROOT}/Pods/Target Support Files/Pods-SnapshotTests/Pods-SnapshotTests-frameworks.sh\"\n";
			showEnvVarsInLog = 0;
		};
		BB446CDBA47C243907499D62 /* [CP] Embed Pods Frameworks */ = {
			isa = PBXShellScriptBuildPhase;
			buildActionMask = 2147483647;
			files = (
			);
			inputPaths = (
			);
			name = "[CP] Embed Pods Frameworks";
			outputPaths = (
			);
			runOnlyForDeploymentPostprocessing = 0;
			shellPath = /bin/sh;
			shellScript = "\"${SRCROOT}/Pods/Target Support Files/Pods-SnapshotTestingTests/Pods-SnapshotTestingTests-frameworks.sh\"\n";
			showEnvVarsInLog = 0;
		};
		DCD83914C55605F95B2A1B79 /* [CP] Copy Pods Resources */ = {
			isa = PBXShellScriptBuildPhase;
			buildActionMask = 2147483647;
			files = (
			);
			inputPaths = (
			);
			name = "[CP] Copy Pods Resources";
			outputPaths = (
			);
			runOnlyForDeploymentPostprocessing = 0;
			shellPath = /bin/sh;
			shellScript = "\"${SRCROOT}/Pods/Target Support Files/Pods-SnapshotTestingTests/Pods-SnapshotTestingTests-resources.sh\"\n";
			showEnvVarsInLog = 0;
		};
		DD5C9EF31BD364DAA7423F2E /* [CP] Check Pods Manifest.lock */ = {
			isa = PBXShellScriptBuildPhase;
			buildActionMask = 2147483647;
			files = (
			);
			inputPaths = (
				"${PODS_PODFILE_DIR_PATH}/Podfile.lock",
				"${PODS_ROOT}/Manifest.lock",
			);
			name = "[CP] Check Pods Manifest.lock";
			outputPaths = (
				"$(DERIVED_FILE_DIR)/Pods-SnapshotTestingTests-checkManifestLockResult.txt",
			);
			runOnlyForDeploymentPostprocessing = 0;
			shellPath = /bin/sh;
			shellScript = "diff \"${PODS_PODFILE_DIR_PATH}/Podfile.lock\" \"${PODS_ROOT}/Manifest.lock\" > /dev/null\nif [ $? != 0 ] ; then\n    # print error to STDERR\n    echo \"error: The sandbox is not in sync with the Podfile.lock. Run 'pod install' or update your CocoaPods installation.\" >&2\n    exit 1\nfi\n# This output is used by Xcode 'outputs' to avoid re-running this script phase.\necho \"SUCCESS\" > \"${SCRIPT_OUTPUT_FILE_0}\"\n";
			showEnvVarsInLog = 0;
		};
		EA4964E23F40B0B0390DE1C9 /* [CP] Copy Pods Resources */ = {
			isa = PBXShellScriptBuildPhase;
			buildActionMask = 2147483647;
			files = (
			);
			inputPaths = (
			);
			name = "[CP] Copy Pods Resources";
			outputPaths = (
			);
			runOnlyForDeploymentPostprocessing = 0;
			shellPath = /bin/sh;
			shellScript = "\"${SRCROOT}/Pods/Target Support Files/Pods-SnapshotTests/Pods-SnapshotTests-resources.sh\"\n";
			showEnvVarsInLog = 0;
		};
/* End PBXShellScriptBuildPhase section */

/* Begin PBXSourcesBuildPhase section */
		F50B924B2096B5F3007E2B56 /* Sources */ = {
			isa = PBXSourcesBuildPhase;
			buildActionMask = 2147483647;
			files = (
				F50B92732096B676007E2B56 /* BeachView.swift in Sources */,
				F50B92752096B7C9007E2B56 /* Beach.swift in Sources */,
				F50B92552096B5F3007E2B56 /* ViewController.swift in Sources */,
				F50B92532096B5F3007E2B56 /* AppDelegate.swift in Sources */,
			);
			runOnlyForDeploymentPostprocessing = 0;
		};
		F50B925F2096B5F5007E2B56 /* Sources */ = {
			isa = PBXSourcesBuildPhase;
			buildActionMask = 2147483647;
			files = (
				F50B92682096B5F5007E2B56 /* BeachParsingTests.swift in Sources */,
			);
			runOnlyForDeploymentPostprocessing = 0;
		};
		F50B92782096BC3E007E2B56 /* Sources */ = {
			isa = PBXSourcesBuildPhase;
			buildActionMask = 2147483647;
			files = (
				F50B928E2096C1CF007E2B56 /* BeachViewSnapshotTests.swift in Sources */,
				F50B928D2096C1B3007E2B56 /* AJSnapshotTestCase.swift in Sources */,
				F50B92902096C367007E2B56 /* Beach+SnapshotTestData.swift in Sources */,
				46388CA1209FFC1A009201DA /* ViewControllerSnapshotTests.swift in Sources */,
				F50B9297209AA2D9007E2B56 /* Device.swift in Sources */,
			);
			runOnlyForDeploymentPostprocessing = 0;
		};
/* End PBXSourcesBuildPhase section */

/* Begin PBXTargetDependency section */
		F50B92652096B5F5007E2B56 /* PBXTargetDependency */ = {
			isa = PBXTargetDependency;
			target = F50B924E2096B5F3007E2B56 /* SnapshotTesting */;
			targetProxy = F50B92642096B5F5007E2B56 /* PBXContainerItemProxy */;
		};
		F50B92822096BC3E007E2B56 /* PBXTargetDependency */ = {
			isa = PBXTargetDependency;
			target = F50B924E2096B5F3007E2B56 /* SnapshotTesting */;
			targetProxy = F50B92812096BC3E007E2B56 /* PBXContainerItemProxy */;
		};
/* End PBXTargetDependency section */

/* Begin PBXVariantGroup section */
		F50B92562096B5F3007E2B56 /* Main.storyboard */ = {
			isa = PBXVariantGroup;
			children = (
				F50B92572096B5F3007E2B56 /* Base */,
			);
			name = Main.storyboard;
			sourceTree = "<group>";
		};
		F50B925B2096B5F5007E2B56 /* LaunchScreen.storyboard */ = {
			isa = PBXVariantGroup;
			children = (
				F50B925C2096B5F5007E2B56 /* Base */,
			);
			name = LaunchScreen.storyboard;
			sourceTree = "<group>";
		};
/* End PBXVariantGroup section */

/* Begin XCBuildConfiguration section */
		F50B926A2096B5F5007E2B56 /* Debug */ = {
			isa = XCBuildConfiguration;
			buildSettings = {
				ALWAYS_SEARCH_USER_PATHS = NO;
				CLANG_ANALYZER_NONNULL = YES;
				CLANG_ANALYZER_NUMBER_OBJECT_CONVERSION = YES_AGGRESSIVE;
				CLANG_CXX_LANGUAGE_STANDARD = "gnu++14";
				CLANG_CXX_LIBRARY = "libc++";
				CLANG_ENABLE_MODULES = YES;
				CLANG_ENABLE_OBJC_ARC = YES;
				CLANG_ENABLE_OBJC_WEAK = YES;
				CLANG_WARN_BLOCK_CAPTURE_AUTORELEASING = YES;
				CLANG_WARN_BOOL_CONVERSION = YES;
				CLANG_WARN_COMMA = YES;
				CLANG_WARN_CONSTANT_CONVERSION = YES;
				CLANG_WARN_DEPRECATED_OBJC_IMPLEMENTATIONS = YES;
				CLANG_WARN_DIRECT_OBJC_ISA_USAGE = YES_ERROR;
				CLANG_WARN_DOCUMENTATION_COMMENTS = YES;
				CLANG_WARN_EMPTY_BODY = YES;
				CLANG_WARN_ENUM_CONVERSION = YES;
				CLANG_WARN_INFINITE_RECURSION = YES;
				CLANG_WARN_INT_CONVERSION = YES;
				CLANG_WARN_NON_LITERAL_NULL_CONVERSION = YES;
				CLANG_WARN_OBJC_IMPLICIT_RETAIN_SELF = YES;
				CLANG_WARN_OBJC_LITERAL_CONVERSION = YES;
				CLANG_WARN_OBJC_ROOT_CLASS = YES_ERROR;
				CLANG_WARN_RANGE_LOOP_ANALYSIS = YES;
				CLANG_WARN_STRICT_PROTOTYPES = YES;
				CLANG_WARN_SUSPICIOUS_MOVE = YES;
				CLANG_WARN_UNGUARDED_AVAILABILITY = YES_AGGRESSIVE;
				CLANG_WARN_UNREACHABLE_CODE = YES;
				CLANG_WARN__DUPLICATE_METHOD_MATCH = YES;
				CODE_SIGN_IDENTITY = "iPhone Developer";
				COPY_PHASE_STRIP = NO;
				DEBUG_INFORMATION_FORMAT = dwarf;
				ENABLE_STRICT_OBJC_MSGSEND = YES;
				ENABLE_TESTABILITY = YES;
				GCC_C_LANGUAGE_STANDARD = gnu11;
				GCC_DYNAMIC_NO_PIC = NO;
				GCC_NO_COMMON_BLOCKS = YES;
				GCC_OPTIMIZATION_LEVEL = 0;
				GCC_PREPROCESSOR_DEFINITIONS = (
					"DEBUG=1",
					"$(inherited)",
				);
				GCC_WARN_64_TO_32_BIT_CONVERSION = YES;
				GCC_WARN_ABOUT_RETURN_TYPE = YES_ERROR;
				GCC_WARN_UNDECLARED_SELECTOR = YES;
				GCC_WARN_UNINITIALIZED_AUTOS = YES_AGGRESSIVE;
				GCC_WARN_UNUSED_FUNCTION = YES;
				GCC_WARN_UNUSED_VARIABLE = YES;
				IPHONEOS_DEPLOYMENT_TARGET = 11.3;
				MTL_ENABLE_DEBUG_INFO = YES;
				ONLY_ACTIVE_ARCH = YES;
				SDKROOT = iphoneos;
				SWIFT_ACTIVE_COMPILATION_CONDITIONS = DEBUG;
				SWIFT_OPTIMIZATION_LEVEL = "-Onone";
			};
			name = Debug;
		};
		F50B926B2096B5F5007E2B56 /* Release */ = {
			isa = XCBuildConfiguration;
			buildSettings = {
				ALWAYS_SEARCH_USER_PATHS = NO;
				CLANG_ANALYZER_NONNULL = YES;
				CLANG_ANALYZER_NUMBER_OBJECT_CONVERSION = YES_AGGRESSIVE;
				CLANG_CXX_LANGUAGE_STANDARD = "gnu++14";
				CLANG_CXX_LIBRARY = "libc++";
				CLANG_ENABLE_MODULES = YES;
				CLANG_ENABLE_OBJC_ARC = YES;
				CLANG_ENABLE_OBJC_WEAK = YES;
				CLANG_WARN_BLOCK_CAPTURE_AUTORELEASING = YES;
				CLANG_WARN_BOOL_CONVERSION = YES;
				CLANG_WARN_COMMA = YES;
				CLANG_WARN_CONSTANT_CONVERSION = YES;
				CLANG_WARN_DEPRECATED_OBJC_IMPLEMENTATIONS = YES;
				CLANG_WARN_DIRECT_OBJC_ISA_USAGE = YES_ERROR;
				CLANG_WARN_DOCUMENTATION_COMMENTS = YES;
				CLANG_WARN_EMPTY_BODY = YES;
				CLANG_WARN_ENUM_CONVERSION = YES;
				CLANG_WARN_INFINITE_RECURSION = YES;
				CLANG_WARN_INT_CONVERSION = YES;
				CLANG_WARN_NON_LITERAL_NULL_CONVERSION = YES;
				CLANG_WARN_OBJC_IMPLICIT_RETAIN_SELF = YES;
				CLANG_WARN_OBJC_LITERAL_CONVERSION = YES;
				CLANG_WARN_OBJC_ROOT_CLASS = YES_ERROR;
				CLANG_WARN_RANGE_LOOP_ANALYSIS = YES;
				CLANG_WARN_STRICT_PROTOTYPES = YES;
				CLANG_WARN_SUSPICIOUS_MOVE = YES;
				CLANG_WARN_UNGUARDED_AVAILABILITY = YES_AGGRESSIVE;
				CLANG_WARN_UNREACHABLE_CODE = YES;
				CLANG_WARN__DUPLICATE_METHOD_MATCH = YES;
				CODE_SIGN_IDENTITY = "iPhone Developer";
				COPY_PHASE_STRIP = NO;
				DEBUG_INFORMATION_FORMAT = "dwarf-with-dsym";
				ENABLE_NS_ASSERTIONS = NO;
				ENABLE_STRICT_OBJC_MSGSEND = YES;
				GCC_C_LANGUAGE_STANDARD = gnu11;
				GCC_NO_COMMON_BLOCKS = YES;
				GCC_WARN_64_TO_32_BIT_CONVERSION = YES;
				GCC_WARN_ABOUT_RETURN_TYPE = YES_ERROR;
				GCC_WARN_UNDECLARED_SELECTOR = YES;
				GCC_WARN_UNINITIALIZED_AUTOS = YES_AGGRESSIVE;
				GCC_WARN_UNUSED_FUNCTION = YES;
				GCC_WARN_UNUSED_VARIABLE = YES;
				IPHONEOS_DEPLOYMENT_TARGET = 11.3;
				MTL_ENABLE_DEBUG_INFO = NO;
				SDKROOT = iphoneos;
				SWIFT_COMPILATION_MODE = wholemodule;
				SWIFT_OPTIMIZATION_LEVEL = "-O";
				VALIDATE_PRODUCT = YES;
			};
			name = Release;
		};
		F50B926D2096B5F5007E2B56 /* Debug */ = {
			isa = XCBuildConfiguration;
			baseConfigurationReference = FC2D5D942623370C7EC9C421 /* Pods-SnapshotTesting.debug.xcconfig */;
			buildSettings = {
				ASSETCATALOG_COMPILER_APPICON_NAME = AppIcon;
				CODE_SIGN_STYLE = Manual;
				DEVELOPMENT_TEAM = "";
				INFOPLIST_FILE = SnapshotTesting/Info.plist;
				LD_RUNPATH_SEARCH_PATHS = (
					"$(inherited)",
					"@executable_path/Frameworks",
				);
				PRODUCT_BUNDLE_IDENTIFIER = "com.ajain.snapshot-testing";
				PRODUCT_NAME = "$(TARGET_NAME)";
				PROVISIONING_PROFILE_SPECIFIER = "";
				SWIFT_VERSION = 4.0;
				TARGETED_DEVICE_FAMILY = "1,2";
			};
			name = Debug;
		};
		F50B926E2096B5F5007E2B56 /* Release */ = {
			isa = XCBuildConfiguration;
			baseConfigurationReference = 8A41F87C02202F4708683B94 /* Pods-SnapshotTesting.release.xcconfig */;
			buildSettings = {
				ASSETCATALOG_COMPILER_APPICON_NAME = AppIcon;
				CODE_SIGN_STYLE = Manual;
				DEVELOPMENT_TEAM = "";
				INFOPLIST_FILE = SnapshotTesting/Info.plist;
				LD_RUNPATH_SEARCH_PATHS = (
					"$(inherited)",
					"@executable_path/Frameworks",
				);
				PRODUCT_BUNDLE_IDENTIFIER = "com.ajain.snapshot-testing";
				PRODUCT_NAME = "$(TARGET_NAME)";
				PROVISIONING_PROFILE_SPECIFIER = "";
				SWIFT_VERSION = 4.0;
				TARGETED_DEVICE_FAMILY = "1,2";
			};
			name = Release;
		};
		F50B92702096B5F5007E2B56 /* Debug */ = {
			isa = XCBuildConfiguration;
			baseConfigurationReference = 394968E4DA990F0324DA0E75 /* Pods-SnapshotTestingTests.debug.xcconfig */;
			buildSettings = {
				ALWAYS_EMBED_SWIFT_STANDARD_LIBRARIES = YES;
				BUNDLE_LOADER = "$(TEST_HOST)";
				CODE_SIGN_STYLE = Manual;
				DEVELOPMENT_TEAM = "";
				INFOPLIST_FILE = "Snapshot TestingTests/Info.plist";
				LD_RUNPATH_SEARCH_PATHS = (
					"$(inherited)",
					"@executable_path/Frameworks",
					"@loader_path/Frameworks",
				);
				PRODUCT_BUNDLE_IDENTIFIER = "com.ajain.Snapshot-TestingTests";
				PRODUCT_NAME = "$(TARGET_NAME)";
				PROVISIONING_PROFILE_SPECIFIER = "";
				SWIFT_VERSION = 4.0;
				TARGETED_DEVICE_FAMILY = "1,2";
				TEST_HOST = "$(BUILT_PRODUCTS_DIR)/SnapshotTesting.app/SnapshotTesting";
			};
			name = Debug;
		};
		F50B92712096B5F5007E2B56 /* Release */ = {
			isa = XCBuildConfiguration;
			baseConfigurationReference = B2CF51BB941983F641D7C598 /* Pods-SnapshotTestingTests.release.xcconfig */;
			buildSettings = {
				ALWAYS_EMBED_SWIFT_STANDARD_LIBRARIES = YES;
				BUNDLE_LOADER = "$(TEST_HOST)";
				CODE_SIGN_STYLE = Manual;
				DEVELOPMENT_TEAM = "";
				INFOPLIST_FILE = "Snapshot TestingTests/Info.plist";
				LD_RUNPATH_SEARCH_PATHS = (
					"$(inherited)",
					"@executable_path/Frameworks",
					"@loader_path/Frameworks",
				);
				PRODUCT_BUNDLE_IDENTIFIER = "com.ajain.Snapshot-TestingTests";
				PRODUCT_NAME = "$(TARGET_NAME)";
				PROVISIONING_PROFILE_SPECIFIER = "";
				SWIFT_VERSION = 4.0;
				TARGETED_DEVICE_FAMILY = "1,2";
				TEST_HOST = "$(BUILT_PRODUCTS_DIR)/SnapshotTesting.app/SnapshotTesting";
			};
			name = Release;
		};
		F50B92842096BC3E007E2B56 /* Debug */ = {
			isa = XCBuildConfiguration;
			baseConfigurationReference = 44AFD7B1B9F5E13B6B2FD885 /* Pods-SnapshotTests.debug.xcconfig */;
			buildSettings = {
				BUNDLE_LOADER = "$(TEST_HOST)";
				CODE_SIGN_STYLE = Manual;
				DEVELOPMENT_TEAM = "";
				INFOPLIST_FILE = SnapshotTests/Info.plist;
				LD_RUNPATH_SEARCH_PATHS = (
					"$(inherited)",
					"@executable_path/Frameworks",
					"@loader_path/Frameworks",
				);
				PRODUCT_BUNDLE_IDENTIFIER = com.ajain.SnapshotTests;
				PRODUCT_NAME = "$(TARGET_NAME)";
				PROVISIONING_PROFILE_SPECIFIER = "";
				SWIFT_VERSION = 4.0;
				TARGETED_DEVICE_FAMILY = "1,2";
				TEST_HOST = "$(BUILT_PRODUCTS_DIR)/SnapshotTesting.app/SnapshotTesting";
			};
			name = Debug;
		};
		F50B92852096BC3E007E2B56 /* Release */ = {
			isa = XCBuildConfiguration;
			baseConfigurationReference = 874E677071ADF5A14ACABAEC /* Pods-SnapshotTests.release.xcconfig */;
			buildSettings = {
				BUNDLE_LOADER = "$(TEST_HOST)";
				CODE_SIGN_STYLE = Manual;
				DEVELOPMENT_TEAM = "";
				INFOPLIST_FILE = SnapshotTests/Info.plist;
				LD_RUNPATH_SEARCH_PATHS = (
					"$(inherited)",
					"@executable_path/Frameworks",
					"@loader_path/Frameworks",
				);
				PRODUCT_BUNDLE_IDENTIFIER = com.ajain.SnapshotTests;
				PRODUCT_NAME = "$(TARGET_NAME)";
				PROVISIONING_PROFILE_SPECIFIER = "";
				SWIFT_VERSION = 4.0;
				TARGETED_DEVICE_FAMILY = "1,2";
				TEST_HOST = "$(BUILT_PRODUCTS_DIR)/SnapshotTesting.app/SnapshotTesting";
			};
			name = Release;
		};
/* End XCBuildConfiguration section */

/* Begin XCConfigurationList section */
		F50B924A2096B5F3007E2B56 /* Build configuration list for PBXProject "SnapshotTesting" */ = {
			isa = XCConfigurationList;
			buildConfigurations = (
				F50B926A2096B5F5007E2B56 /* Debug */,
				F50B926B2096B5F5007E2B56 /* Release */,
			);
			defaultConfigurationIsVisible = 0;
			defaultConfigurationName = Release;
		};
		F50B926C2096B5F5007E2B56 /* Build configuration list for PBXNativeTarget "SnapshotTesting" */ = {
			isa = XCConfigurationList;
			buildConfigurations = (
				F50B926D2096B5F5007E2B56 /* Debug */,
				F50B926E2096B5F5007E2B56 /* Release */,
			);
			defaultConfigurationIsVisible = 0;
			defaultConfigurationName = Release;
		};
		F50B926F2096B5F5007E2B56 /* Build configuration list for PBXNativeTarget "SnapshotTestingTests" */ = {
			isa = XCConfigurationList;
			buildConfigurations = (
				F50B92702096B5F5007E2B56 /* Debug */,
				F50B92712096B5F5007E2B56 /* Release */,
			);
			defaultConfigurationIsVisible = 0;
			defaultConfigurationName = Release;
		};
		F50B92832096BC3E007E2B56 /* Build configuration list for PBXNativeTarget "SnapshotTests" */ = {
			isa = XCConfigurationList;
			buildConfigurations = (
				F50B92842096BC3E007E2B56 /* Debug */,
				F50B92852096BC3E007E2B56 /* Release */,
			);
			defaultConfigurationIsVisible = 0;
			defaultConfigurationName = Release;
		};
/* End XCConfigurationList section */
	};
	rootObject = F50B92472096B5F3007E2B56 /* Project object */;
}
